
Microsoft Visual Studio Solution File, Format Version 12.00
# Visual Studio 15
VisualStudioVersion = 15.0.27130.2036
MinimumVisualStudioVersion = 10.0.40219.1
Project("{FAE04EC0-301F-11D3-BF4B-00C04F79EFBC}") = "car detail", "car detail\car detail.csproj", "{82A56884-997D-4FA6-BAEC-58E1FFD93345}"
EndProject
Global
	GlobalSection(SolutionConfigurationPlatforms) = preSolution
		Debug|Any CPU = Debug|Any CPU
		Release|Any CPU = Release|Any CPU
	EndGlobalSection
	GlobalSection(ProjectConfigurationPlatforms) = postSolution
		{82A56884-997D-4FA6-BAEC-58E1FFD93345}.Debug|Any CPU.ActiveCfg = Debug|Any CPU
		{82A56884-997D-4FA6-BAEC-58E1FFD93345}.Debug|Any CPU.Build.0 = Debug|Any CPU
		{82A56884-997D-4FA6-BAEC-58E1FFD93345}.Release|Any CPU.ActiveCfg = Release|Any CPU
		{82A56884-997D-4FA6-BAEC-58E1FFD93345}.Release|Any CPU.Build.0 = Release|Any CPU
	EndGlobalSection
	GlobalSection(SolutionProperties) = preSolution
		HideSolutionNode = FALSE
	EndGlobalSection
	GlobalSection(ExtensibilityGlobals) = postSolution
		SolutionGuid = {6665421C-A1EE-456F-BF73-FA44F3D24258}
	EndGlobalSection
EndGlobal
